
Microsoft Visual Studio Solution File, Format Version 12.00
# Visual Studio 15
Project("{FAE04EC0-301F-11D3-BF4B-00C04F79EFBC}") = "Assembly-CSharp", "Assembly-CSharp.csproj", "{7E7791A1-0BEF-2049-1F98-FD8A72886959}"
EndProject
Global
	GlobalSection(SolutionConfigurationPlatforms) = preSolution
		Debug|Any CPU = Debug|Any CPU
		Release|Any CPU = Release|Any CPU
	EndGlobalSection
	GlobalSection(ProjectConfigurationPlatforms) = postSolution
		{7E7791A1-0BEF-2049-1F98-FD8A72886959}.Debug|Any CPU.ActiveCfg = Debug|Any CPU
		{7E7791A1-0BEF-2049-1F98-FD8A72886959}.Debug|Any CPU.Build.0 = Debug|Any CPU
		{7E7791A1-0BEF-2049-1F98-FD8A72886959}.Release|Any CPU.ActiveCfg = Release|Any CPU
		{7E7791A1-0BEF-2049-1F98-FD8A72886959}.Release|Any CPU.Build.0 = Release|Any CPU
	EndGlobalSection
	GlobalSection(SolutionProperties) = preSolution
		HideSolutionNode = FALSE
	EndGlobalSection
EndGlobal
